
Microsoft Visual Studio Solution File, Format Version 12.00
# Visual Studio Version 16
VisualStudioVersion = 16.0.30011.22
MinimumVisualStudioVersion = 10.0.40219.1
Project("{FAE04EC0-301F-11D3-BF4B-00C04F79EFBC}") = "FHIRtoCDM", "FHIRtoCDM.csproj", "{7BB42D2A-778C-4E73-833C-9A90DC9EAB5C}"
EndProject
Global
	GlobalSection(SolutionConfigurationPlatforms) = preSolution
		Debug|Any CPU = Debug|Any CPU
		Release|Any CPU = Release|Any CPU
	EndGlobalSection
	GlobalSection(ProjectConfigurationPlatforms) = postSolution
		{7BB42D2A-778C-4E73-833C-9A90DC9EAB5C}.Debug|Any CPU.ActiveCfg = Debug|Any CPU
		{7BB42D2A-778C-4E73-833C-9A90DC9EAB5C}.Debug|Any CPU.Build.0 = Debug|Any CPU
		{7BB42D2A-778C-4E73-833C-9A90DC9EAB5C}.Release|Any CPU.ActiveCfg = Release|Any CPU
		{7BB42D2A-778C-4E73-833C-9A90DC9EAB5C}.Release|Any CPU.Build.0 = Release|Any CPU
	EndGlobalSection
	GlobalSection(SolutionProperties) = preSolution
		HideSolutionNode = FALSE
	EndGlobalSection
	GlobalSection(ExtensibilityGlobals) = postSolution
		SolutionGuid = {9AD803C3-9F77-4546-8FA5-862AE2563C61}
	EndGlobalSection
EndGlobal
